lockfileVersion: '9.0'

settings:
  autoInstallPeers: true
  excludeLinksFromLockfile: false

importers:

  .:
    devDependencies:
      '@electric-sql/pglite':
        specifier: 0.5.8
        version: 0.5.8
      pglite-pg17:
        specifier: npm:@electric-sql/pglite@0.4.6
        version: '@electric-sql/pglite@0.4.6'

packages:

  '@electric-sql/pglite@0.4.6':
    resolution: {integrity: sha512-qmlmfN8UyKCee35qkV0r/MBp+Znl8FjBz7OpoglNvww3GJpw0/DLP0o1ZymvLNmcD5DTLOQdzKPtF8Hd3mdl1w==}

  '@electric-sql/pglite@0.5.8':
    resolution: {integrity: sha512-n9tsbUOhwx2epK1V0ZG9Ar4SHWUju04dhmzZXiSBXwBoleOvIfals33NAaWgagQVAL4Rbvx/Ptsu3P+pA09f6Q==}

snapshots:

  '@electric-sql/pglite@0.4.6': {}

  '@electric-sql/pglite@0.5.8': {}
